# This file is autogenerated, do not edit; changes may be undone by the next 'dep ensure'.


[[projects]]
  branch = "master"
  digest = "1:c312c313bb8040fcfb5698f38b51ec279e4635c7619773e6f018c908586c64b1"
  name = "github.com/alecthomas/jsonschema"
  packages = ["."]
  pruneopts = "UT"
  revision = "f2c93856175a7dd6abe88c5c3900b67ad054adcc"

[[projects]]
  branch = "master"
  digest = "1:f31b92722c6eca05df9ba28e9cb38d94de0865f034fff164557f103d6d13b612"
  name = "github.com/bmizerany/perks"
  packages = ["quantile"]
  pruneopts = "UT"
  revision = "d9a9656a3a4b1c2864fdb44db2ef8619772d92aa"

[[projects]]
  branch = "master"
  digest = "1:e8891cd354f2af940345f895d5698ab1ed439196d4f69eb44817fc91e80354c1"
  name = "github.com/c2h5oh/datasize"
  packages = ["."]
  pruneopts = "UT"
  revision = "4eba002a5eaea69cf8d235a388fc6b65ae68d2dd"

[[projects]]
  branch = "master"
  digest = "1:5c4cefdd3ba39aee4e4b6f9aad121a79fd2a989b9b54acbe4f530cc3a700cd75"
  name = "github.com/dgryski/go-gk"
  packages = ["."]
  pruneopts = "UT"
  revision = "201884a44051d8544b65e6b1c05ae71c0c45b9e0"

[[projects]]
  branch = "master"
  digest = "1:bc4e2b6c1af97c03fe850864bf22574abc6ad0fcbf0e5dda0fd246d3d43f9ccb"
  name = "github.com/dgryski/go-lttb"
  packages = ["."]
  pruneopts = "UT"
  revision = "318fcdf10a77c2df09d83777e41f5e18d236ec9d"

[[projects]]
  digest = "1:2e3c336fc7fde5c984d2841455a658a6d626450b1754a854b3b32e7a8f49a07a"
  name = "github.com/google/go-cmp"
  packages = [
    "cmp",
    "cmp/internal/diff",
    "cmp/internal/function",
    "cmp/internal/value",
  ]
  pruneopts = "UT"
  revision = "3af367b6b30c263d47e8895973edcca9a49cf029"
  version = "v0.2.0"

[[projects]]
  digest = "1:b1b6d04c3d4288719efc24ae4e52d24808530f5d28b1a9e4897ea5ad047b6124"
  name = "github.com/graphql-go/graphql"
  packages = [
    ".",
    "gqlerrors",
    "language/ast",
    "language/kinds",
    "language/lexer",
    "language/location",
    "language/parser",
    "language/printer",
    "language/source",
    "language/typeInfo",
    "language/visitor",
  ]
  pruneopts = "UT"
  revision = "08943645bf265d192b32f2100cdff2428f7ae7c5"
  version = "v0.7.7"

[[projects]]
  branch = "master"
  digest = "1:cddf81f7eefbb8bf6cf65fe56c3b3c01784d5ca2f133bd5adfc4912497b5176b"
  name = "github.com/influxdata/tdigest"
  packages = ["."]
  pruneopts = "UT"
  revision = "bf2b5ad3c0a925c44a0d2842c5d8182113cd248e"

[[projects]]
  branch = "master"
  digest = "1:84a5a2b67486d5d67060ac393aa255d05d24ed5ee41daecd5635ec22657b6492"
  name = "github.com/mailru/easyjson"
  packages = [
    "buffer",
    "jlexer",
    "jwriter",
  ]
  pruneopts = "UT"
  revision = "60711f1a8329503b04e1c88535f419d0bb440bff"

[[projects]]
  digest = "1:d64a0aa67f715fd28f5ddfe0d74c06b6d6fe0fed931d77e662f2c4694f6854dc"
  name = "github.com/miekg/dns"
  packages = ["."]
  pruneopts = "UT"
  revision = "56be65265e34e731425e0269a301774938827c60"
  version = "v1.1.3"

[[projects]]
  branch = "master"
  digest = "1:68cecd4c1137f77dfa2db1f13a0ceef2b5606d6b69d66fa69f7df1b2f2fe9afc"
  name = "github.com/shurcooL/httpfs"
  packages = ["vfsutil"]
  pruneopts = "UT"
  revision = "74dc9339e414ad069a8d04bba7e7aafd08043a25"

[[projects]]
  branch = "master"
  digest = "1:98450c86949b8cdc4637b80c1c686ca955e503d3fbae9296d1f49c532895d281"
  name = "github.com/shurcooL/vfsgen"
  packages = ["."]
  pruneopts = "UT"
  revision = "6a9ea43bcacdf716a5c1b38efff722c07adf0069"

[[projects]]
  branch = "master"
  digest = "1:383e656d30a7bd2c663514940748c189307134c65ec8c7b2070ed01abb93e73d"
  name = "github.com/streadway/quantile"
  packages = ["."]
  pruneopts = "UT"
  revision = "b0c588724d25ae13f5afb3d90efec0edc636432b"

[[projects]]
  branch = "master"
  digest = "1:be87c1e6f0a15e5b1c45036b9382cdd63057a8b65e10ff2fe2bda23886a99c6a"
  name = "github.com/tsenart/go-tsz"
  packages = [
    ".",
    "testdata",
  ]
  pruneopts = "UT"
  revision = "0bd30b3df1c328dfc87ed857cdf695c3c7d2cb09"

[[projects]]
  branch = "master"
  digest = "1:d5891c5bca9c62e5d394ca26491d2b710a1dc08cedeb0ca8f9ac4c3305120b02"
  name = "golang.org/x/crypto"
  packages = [
    "ed25519",
    "ed25519/internal/edwards25519",
  ]
  pruneopts = "UT"
  revision = "ff983b9c42bc9fbf91556e191cc8efb585c16908"

[[projects]]
  branch = "master"
  digest = "1:eda6a01fea67c9b67334a703452da0bc4508ce365985c981fc2e4c7db4c29a2c"
  name = "golang.org/x/net"
  packages = [
    "bpf",
    "http/httpguts",
    "http2",
    "http2/hpack",
    "idna",
    "internal/iana",
    "internal/socket",
    "ipv4",
    "ipv6",
  ]
  pruneopts = "UT"
  revision = "915654e7eabcea33ae277abbecf52f0d8b7a9fdc"

[[projects]]
  branch = "master"
  digest = "1:d8e319d450f0e90df8dcf8c9934a878af800d0f4c692cb9657748f0cffff486e"
  name = "golang.org/x/sys"
  packages = ["unix"]
  pruneopts = "UT"
  revision = "2be51725563103c17124a318f1745b66f2347acb"

[[projects]]
  digest = "1:a2ab62866c75542dd18d2b069fec854577a20211d7c0ea6ae746072a1dccdd18"
  name = "golang.org/x/text"
  packages = [
    "collate",
    "collate/build",
    "internal/colltab",
    "internal/gen",
    "internal/tag",
    "internal/triegen",
    "internal/ucd",
    "language",
    "secure/bidirule",
    "transform",
    "unicode/bidi",
    "unicode/cldr",
    "unicode/norm",
    "unicode/rangetable",
  ]
  pruneopts = "UT"
  revision = "f21a4dfb5e38f5895301dc265a8def02365cc3d0"
  version = "v0.3.0"

[solve-meta]
  analyzer-name = "dep"
  analyzer-version = 1
  input-imports = [
    "github.com/alecthomas/jsonschema",
    "github.com/bmizerany/perks/quantile",
    "github.com/c2h5oh/datasize",
    "github.com/dgryski/go-gk",
    "github.com/dgryski/go-lttb",
    "github.com/google/go-cmp/cmp",
    "github.com/graphql-go/graphql",
    "github.com/influxdata/tdigest",
    "github.com/mailru/easyjson/jlexer",
    "github.com/mailru/easyjson/jwriter",
    "github.com/miekg/dns",
    "github.com/shurcooL/vfsgen",
    "github.com/streadway/quantile",
    "github.com/tsenart/go-tsz",
    "golang.org/x/net/http2",
  ]
  solver-name = "gps-cdcl"
  solver-version = 1
